<Solution>
  <Project Path="_Project.StaticData.csproj" />
  <Project Path="_Project.States.csproj" />
  <Project Path="_Project.Data.csproj" />
  <Project Path="_Project.SceneLoader.csproj" />
  <Project Path="_Project.LevelProgress.csproj" />
  <Project Path="_Project.SaveLoad.csproj" />
  <Project Path="_Project.PersistentProgress.csproj" />
  <Project Path="_Project.UI.csproj" />
  <Project Path="_Project.Factory.csproj" />
  <Project Path="_Project.AssetManagement.csproj" />
  <Project Path="_Project.TimeService.csproj" />
  <Project Path="_Project.Infrastructure.csproj" />
</Solution>
